{
  "name": "claude_subagent_editor",
  "lockfileVersion": 3,
  "requires": true,
  "packages": {
    "": {
      "dependencies": {
        "agentation": "^1.1.1"
      }
    },
    "node_modules/agentation": {
      "version": "1.1.1",
      "resolved": "https://registry.npmjs.org/agentation/-/agentation-1.1.1.tgz",
      "integrity": "sha512-WYXCphXVs1sxFwuagpFy0wwJs+5p7Ki6VFnHJve+5pcUTNT9ooVZoPX8MPjX4JcmBZVMB5MaQbgv3R00bgw6xg==",
      "license": "PolyForm-Shield-1.0.0",
      "peerDependencies": {
        "react": ">=18.0.0",
        "react-dom": ">=18.0.0"
      }
    }
  }
}
